{
	"name": "dottest",
	"version": "1.0.1",
	"lockfileVersion": 3,
	"requires": true,
	"packages": {
		"": {
			"version": "1.0.1",
			"dependencies": {
				"@lopatnov/rollup-plugin-uglify": "^2.1.5",
				"@polkadot/api": "10.1.3",
				"@polkadot/util-crypto": "^11.0.2",
				"js-chacha20": "^1.1.0",
				"pool-handlers": "^1.0.2",
				"states-manager": "^1.0.2"
			},
			"devDependencies": {
				"@rollup/plugin-commonjs": "^21.0.1",
				"@rollup/plugin-node-resolve": "^13.1.3",
				"rollup": "^2.63.0"
			},
			"engines": {
				"node": "*"
			}
		},
		"node_modules/@jridgewell/gen-mapping": {
			"version": "0.3.3",
			"resolved": "https://registry.npmjs.org/@jridgewell/gen-mapping/-/gen-mapping-0.3.3.tgz",
			"integrity": "sha512-HLhSWOLRi875zjjMG/r+Nv0oCW8umGb0BgEhyX3dDX3egwZtB8PqLnjz3yedt8R5StBrzcg4aBpnh8UA9D1BoQ==",
			"peer": true,
			"dependencies": {
				"@jridgewell/set-array": "^1.0.1",
				"@jridgewell/sourcemap-codec": "^1.4.10",
				"@jridgewell/trace-mapping": "^0.3.9"
			},
			"engines": {
				"node": ">=6.0.0"
			}
		},
		"node_modules/@jridgewell/resolve-uri": {
			"version": "3.1.0",
			"resolved": "https://registry.npmjs.org/@jridgewell/resolve-uri/-/resolve-uri-3.1.0.tgz",
			"integrity": "sha512-F2msla3tad+Mfht5cJq7LSXcdudKTWCVYUgw6pLFOOHSTtZlj6SWNYAp+AhuqLmWdBO2X5hPrLcu8cVP8fy28w==",
			"peer": true,
			"engines": {
				"node": ">=6.0.0"
			}
		},
		"node_modules/@jridgewell/set-array": {
			"version": "1.1.2",
			"resolved": "https://registry.npmjs.org/@jridgewell/set-array/-/set-array-1.1.2.tgz",
			"integrity": "sha512-xnkseuNADM0gt2bs+BvhO0p78Mk762YnZdsuzFV018NoG1Sj1SCQvpSqa7XUaTam5vAGasABV9qXASMKnFMwMw==",
			"peer": true,
			"engines": {
				"node": ">=6.0.0"
			}
		},
		"node_modules/@jridgewell/source-map": {
			"version": "0.3.3",
			"resolved": "https://registry.npmjs.org/@jridgewell/source-map/-/source-map-0.3.3.tgz",
			"integrity": "sha512-b+fsZXeLYi9fEULmfBrhxn4IrPlINf8fiNarzTof004v3lFdntdwa9PF7vFJqm3mg7s+ScJMxXaE3Acp1irZcg==",
			"peer": true,
			"dependencies": {
				"@jridgewell/gen-mapping": "^0.3.0",
				"@jridgewell/trace-mapping": "^0.3.9"
			}
		},
		"node_modules/@jridgewell/sourcemap-codec": {
			"version": "1.4.15",
			"resolved": "https://registry.npmjs.org/@jridgewell/sourcemap-codec/-/sourcemap-codec-1.4.15.tgz",
			"integrity": "sha512-eF2rxCRulEKXHTRiDrDy6erMYWqNw4LPdQ8UQA4huuxaQsVeRPFl2oM8oDGxMFhJUWZf9McpLtJasDDZb/Bpeg==",
			"peer": true
		},
		"node_modules/@jridgewell/trace-mapping": {
			"version": "0.3.18",
			"resolved": "https://registry.npmjs.org/@jridgewell/trace-mapping/-/trace-mapping-0.3.18.tgz",
			"integrity": "sha512-w+niJYzMHdd7USdiH2U6869nqhD2nbfZXND5Yp93qIbEmnDNk7PD48o+YchRVpzMU7M6jVCbenTR7PA1FLQ9pA==",
			"peer": true,
			"dependencies": {
				"@jridgewell/resolve-uri": "3.1.0",
				"@jridgewell/sourcemap-codec": "1.4.14"
			}
		},
		"node_modules/@jridgewell/trace-mapping/node_modules/@jridgewell/sourcemap-codec": {
			"version": "1.4.14",
			"resolved": "https://registry.npmjs.org/@jridgewell/sourcemap-codec/-/sourcemap-codec-1.4.14.tgz",
			"integrity": "sha512-XPSJHWmi394fuUuzDnGz1wiKqWfo1yXecHQMRf2l6hztTO+nPru658AyDngaBe7isIxEkRsPR3FZh+s7iVa4Uw==",
			"peer": true
		},
		"node_modules/@lopatnov/rollup-plugin-uglify": {
			"version": "2.1.5",
			"resolved": "https://registry.npmjs.org/@lopatnov/rollup-plugin-uglify/-/rollup-plugin-uglify-2.1.5.tgz",
			"integrity": "sha512-Uw94Or2NKlnHJB0W6su1dwoA6uHaXCLJbnkgkYtjNUbroStygf8Y6JwoT4FKH4unnkp978a9fpmq6xFKHIjtyw==",
			"dependencies": {
				"@rollup/pluginutils": "^4.2.1",
				"core-js": "^3.25.0"
			},
			"peerDependencies": {
				"rollup": ">=1.0.0",
				"terser": ">=4.0.0"
			}
		},
		"node_modules/@lopatnov/rollup-plugin-uglify/node_modules/@rollup/pluginutils": {
			"version": "4.2.1",
			"resolved": "https://registry.npmjs.org/@rollup/pluginutils/-/pluginutils-4.2.1.tgz",
			"integrity": "sha512-iKnFXr7NkdZAIHiIWE+BX5ULi/ucVFYWD6TbAV+rZctiRTY2PL6tsIKhoIOaoskiWAkgu+VsbXgUVDNLHf+InQ==",
			"dependencies": {
				"estree-walker": "^2.0.1",
				"picomatch": "^2.2.2"
			},
			"engines": {
				"node": ">= 8.0.0"
			}
		},
		"node_modules/@noble/hashes": {
			"version": "1.2.0",
			"resolved": "https://registry.npmjs.org/@noble/hashes/-/hashes-1.2.0.tgz",
			"integrity": "sha512-FZfhjEDbT5GRswV3C6uvLPHMiVD6lQBmpoX5+eSiPaMTXte/IKqI5dykDxzZB/WBeK/CDuQRBWarPdi3FNY2zQ==",
			"funding": [
				{
					"type": "individual",
					"url": "https://paulmillr.com/funding/"
				}
			]
		},
		"node_modules/@noble/secp256k1": {
			"version": "1.7.1",
			"resolved": "https://registry.npmjs.org/@noble/secp256k1/-/secp256k1-1.7.1.tgz",
			"integrity": "sha512-hOUk6AyBFmqVrv7k5WAw/LpszxVbj9gGN4JRkIX52fdFAj1UA61KXmZDvqVEm+pOyec3+fIeZB02LYa/pWOArw==",
			"funding": [
				{
					"type": "individual",
					"url": "https://paulmillr.com/funding/"
				}
			]
		},
		"node_modules/@polkadot/api": {
			"version": "10.1.3",
			"resolved": "https://registry.npmjs.org/@polkadot/api/-/api-10.1.3.tgz",
			"integrity": "sha512-iySXpiBG+QaKjE7oxOboWPo4VUHCTF+TRNwI343aV3fsFiX6Iaz+x5BiQJpDxHrKUYkKq5gP+JCG/96HtOEytA==",
			"dependencies": {
				"@polkadot/api-augment": "10.1.3",
				"@polkadot/api-base": "10.1.3",
				"@polkadot/api-derive": "10.1.3",
				"@polkadot/keyring": "^11.0.2",
				"@polkadot/rpc-augment": "10.1.3",
				"@polkadot/rpc-core": "10.1.3",
				"@polkadot/rpc-provider": "10.1.3",
				"@polkadot/types": "10.1.3",
				"@polkadot/types-augment": "10.1.3",
				"@polkadot/types-codec": "10.1.3",
				"@polkadot/types-create": "10.1.3",
				"@polkadot/types-known": "10.1.3",
				"@polkadot/util": "^11.0.2",
				"@polkadot/util-crypto": "^11.0.2",
				"eventemitter3": "^5.0.0",
				"rxjs": "^7.8.0",
				"tslib": "^2.5.0"
			},
			"engines": {
				"node": ">=14"
			}
		},
		"node_modules/@polkadot/api-augment": {
			"version": "10.1.3",
			"resolved": "https://registry.npmjs.org/@polkadot/api-augment/-/api-augment-10.1.3.tgz",
			"integrity": "sha512-aicAnMjo1cfPIteoAWtok7BHPwcPQ7g92+JSYqSYiJTM2H75f0Km1S3Fpw+8D7ShpGkXBws0cXRVWJ5UjoEtAA==",
			"dependencies": {
				"@polkadot/api-base": "10.1.3",
				"@polkadot/rpc-augment": "10.1.3",
				"@polkadot/types": "10.1.3",
				"@polkadot/types-augment": "10.1.3",
				"@polkadot/types-codec": "10.1.3",
				"@polkadot/util": "^11.0.2",
				"tslib": "^2.5.0"
			},
			"engines": {
				"node": ">=14"
			}
		},
		"node_modules/@polkadot/api-base": {
			"version": "10.1.3",
			"resolved": "https://registry.npmjs.org/@polkadot/api-base/-/api-base-10.1.3.tgz",
			"integrity": "sha512-QDdRF/SFS4SrKbLQSyIzmmdzh/z7PLKQ6MwoWO4z35Fyajm8YENiZgytOiRavQWqODbZA+rapADuAOtpzxFCgA==",
			"dependencies": {
				"@polkadot/rpc-core": "10.1.3",
				"@polkadot/types": "10.1.3",
				"@polkadot/util": "^11.0.2",
				"rxjs": "^7.8.0",
				"tslib": "^2.5.0"
			},
			"engines": {
				"node": ">=14"
			}
		},
		"node_modules/@polkadot/api-derive": {
			"version": "10.1.3",
			"resolved": "https://registry.npmjs.org/@polkadot/api-derive/-/api-derive-10.1.3.tgz",
			"integrity": "sha512-millT4dzUIbQbEgBpda6xjW1Crz0Z5PpVDKsxgtTg4PQPzBxoMqAGZozUgMWlKwx0k64oB7dlDSMip7cIczYCw==",
			"dependencies": {
				"@polkadot/api": "10.1.3",
				"@polkadot/api-augment": "10.1.3",
				"@polkadot/api-base": "10.1.3",
				"@polkadot/rpc-core": "10.1.3",
				"@polkadot/types": "10.1.3",
				"@polkadot/types-codec": "10.1.3",
				"@polkadot/util": "^11.0.2",
				"@polkadot/util-crypto": "^11.0.2",
				"rxjs": "^7.8.0",
				"tslib": "^2.5.0"
			},
			"engines": {
				"node": ">=14"
			}
		},
		"node_modules/@polkadot/keyring": {
			"version": "11.0.2",
			"resolved": "https://registry.npmjs.org/@polkadot/keyring/-/keyring-11.0.2.tgz",
			"integrity": "sha512-J3EnQJSW+qRjej2hgKi71jWKXqaW3LvJVwfIZL/P5P1k+795GS3GDqbyF04UpAXXidCAFpOz7B/W3Qtd90TsTw==",
			"dependencies": {
				"@polkadot/util": "11.0.2",
				"@polkadot/util-crypto": "11.0.2",
				"tslib": "^2.5.0"
			},
			"engines": {
				"node": ">=14.0.0"
			},
			"peerDependencies": {
				"@polkadot/util": "11.0.2",
				"@polkadot/util-crypto": "11.0.2"
			}
		},
		"node_modules/@polkadot/networks": {
			"version": "11.0.2",
			"resolved": "https://registry.npmjs.org/@polkadot/networks/-/networks-11.0.2.tgz",
			"integrity": "sha512-f6F4UpzvY7MoFiXpkldX2IIkhsb1YTrLo+PBtDgxsmRmQOLGXN5nm0p3eXkfLwRB3uv/uqsYWF3ffseYQeqeIw==",
			"dependencies": {
				"@polkadot/util": "11.0.2",
				"@substrate/ss58-registry": "^1.39.0",
				"tslib": "^2.5.0"
			},
			"engines": {
				"node": ">=14.0.0"
			}
		},
		"node_modules/@polkadot/rpc-augment": {
			"version": "10.1.3",
			"resolved": "https://registry.npmjs.org/@polkadot/rpc-augment/-/rpc-augment-10.1.3.tgz",
			"integrity": "sha512-9pkAp8ipQ0/UulPoX2Xnt/QRAEsPoMbw5aABB38EymVERbx5jCnCcAZAqdKTNAK8TkI2KS2LY5qF96khxU/iww==",
			"dependencies": {
				"@polkadot/rpc-core": "10.1.3",
				"@polkadot/types": "10.1.3",
				"@polkadot/types-codec": "10.1.3",
				"@polkadot/util": "^11.0.2",
				"tslib": "^2.5.0"
			},
			"engines": {
				"node": ">=14"
			}
		},
		"node_modules/@polkadot/rpc-core": {
			"version": "10.1.3",
			"resolved": "https://registry.npmjs.org/@polkadot/rpc-core/-/rpc-core-10.1.3.tgz",
			"integrity": "sha512-EcCTeQUyaj0qP/rDZp3Z477pHqWhbZRb8HXAxPBs368V//ePTAc7+duzpFauPuyG1OaZm1EF+S282UapI//lNA==",
			"dependencies": {
				"@polkadot/rpc-augment": "10.1.3",
				"@polkadot/rpc-provider": "10.1.3",
				"@polkadot/types": "10.1.3",
				"@polkadot/util": "^11.0.2",
				"rxjs": "^7.8.0",
				"tslib": "^2.5.0"
			},
			"engines": {
				"node": ">=14"
			}
		},
		"node_modules/@polkadot/rpc-provider": {
			"version": "10.1.3",
			"resolved": "https://registry.npmjs.org/@polkadot/rpc-provider/-/rpc-provider-10.1.3.tgz",
			"integrity": "sha512-EjpMc+AYw2uzV+h5FiEp7Qis9W4DlurTZJ7eDYFPh+moFzynOB63C3HncQFfPFIxlfZfnes2vAV3PCdCNfaqmQ==",
			"dependencies": {
				"@polkadot/keyring": "^11.0.2",
				"@polkadot/types": "10.1.3",
				"@polkadot/types-support": "10.1.3",
				"@polkadot/util": "^11.0.2",
				"@polkadot/util-crypto": "^11.0.2",
				"@polkadot/x-fetch": "^11.0.2",
				"@polkadot/x-global": "^11.0.2",
				"@polkadot/x-ws": "^11.0.2",
				"eventemitter3": "^5.0.0",
				"mock-socket": "^9.2.1",
				"nock": "^13.3.0",
				"tslib": "^2.5.0"
			},
			"engines": {
				"node": ">=14"
			},
			"optionalDependencies": {
				"@substrate/connect": "0.7.20"
			}
		},
		"node_modules/@polkadot/types": {
			"version": "10.1.3",
			"resolved": "https://registry.npmjs.org/@polkadot/types/-/types-10.1.3.tgz",
			"integrity": "sha512-GN1Q+nnxonLijO8AiyOWehWuPF1x4lqOEpOomEds6J6e3a4sbtwpbB0UTwAbfBG57mp6QyL5tEpQr7PV081tHg==",
			"dependencies": {
				"@polkadot/keyring": "^11.0.2",
				"@polkadot/types-augment": "10.1.3",
				"@polkadot/types-codec": "10.1.3",
				"@polkadot/types-create": "10.1.3",
				"@polkadot/util": "^11.0.2",
				"@polkadot/util-crypto": "^11.0.2",
				"rxjs": "^7.8.0",
				"tslib": "^2.5.0"
			},
			"engines": {
				"node": ">=14"
			}
		},
		"node_modules/@polkadot/types-augment": {
			"version": "10.1.3",
			"resolved": "https://registry.npmjs.org/@polkadot/types-augment/-/types-augment-10.1.3.tgz",
			"integrity": "sha512-OP41otAl3/MYA+nM/AoTsqWi2SZMLd/vhw4Y9L6VLQ0FFCy3WLXtrSAMz4yBf+Z29349jG+e/HTA7Y7jPMoAVA==",
			"dependencies": {
				"@polkadot/types": "10.1.3",
				"@polkadot/types-codec": "10.1.3",
				"@polkadot/util": "^11.0.2",
				"tslib": "^2.5.0"
			},
			"engines": {
				"node": ">=14"
			}
		},
		"node_modules/@polkadot/types-codec": {
			"version": "10.1.3",
			"resolved": "https://registry.npmjs.org/@polkadot/types-codec/-/types-codec-10.1.3.tgz",
			"integrity": "sha512-Sx1O+sSFoywyZMY9xs5TiK+/kGne/EqiyJNjKlaMzlrbByQyjDfhYyyaFLZ1T62QJXNn3jP+XP1N62Q/Nqi/Hw==",
			"dependencies": {
				"@polkadot/util": "^11.0.2",
				"@polkadot/x-bigint": "^11.0.2",
				"tslib": "^2.5.0"
			},
			"engines": {
				"node": ">=14"
			}
		},
		"node_modules/@polkadot/types-create": {
			"version": "10.1.3",
			"resolved": "https://registry.npmjs.org/@polkadot/types-create/-/types-create-10.1.3.tgz",
			"integrity": "sha512-jU8C1i987x/irUa8IwKkaEFdd8rUQ2XltIC5tpU6YxEgFPQ5DQdNNXmBH+eHIlsy4fnsvWTXu0nqV2c6uEyjkw==",
			"dependencies": {
				"@polkadot/types-codec": "10.1.3",
				"@polkadot/util": "^11.0.2",
				"tslib": "^2.5.0"
			},
			"engines": {
				"node": ">=14"
			}
		},
		"node_modules/@polkadot/types-known": {
			"version": "10.1.3",
			"resolved": "https://registry.npmjs.org/@polkadot/types-known/-/types-known-10.1.3.tgz",
			"integrity": "sha512-JMKfyrxKPRKPWdmPFNPzy933nFktwjpSkGYAZq8CbgvI6lXwIEcFxUcBUzsVbx383GP+0zJ+GXOcV5UGUkJuhQ==",
			"dependencies": {
				"@polkadot/networks": "^11.0.2",
				"@polkadot/types": "10.1.3",
				"@polkadot/types-codec": "10.1.3",
				"@polkadot/types-create": "10.1.3",
				"@polkadot/util": "^11.0.2",
				"tslib": "^2.5.0"
			},
			"engines": {
				"node": ">=14"
			}
		},
		"node_modules/@polkadot/types-support": {
			"version": "10.1.3",
			"resolved": "https://registry.npmjs.org/@polkadot/types-support/-/types-support-10.1.3.tgz",
			"integrity": "sha512-gr57Au6yxrkJ7+TPqkK1eBk8cEuxp2V7cHqZ0j3u/McWDS2kAWbzXbd6Rj3mggMjuoSOSqWrG2OHLcaoPUCI/w==",
			"dependencies": {
				"@polkadot/util": "^11.0.2",
				"tslib": "^2.5.0"
			},
			"engines": {
				"node": ">=14"
			}
		},
		"node_modules/@polkadot/util": {
			"version": "11.0.2",
			"resolved": "https://registry.npmjs.org/@polkadot/util/-/util-11.0.2.tgz",
			"integrity": "sha512-AKz7/V62CDiU7lcV+20hXtAoPsZGsk3/ndkWjX4TkHMJmBmMssQqErWlY0JGzbxwoUNYIIHSv2gSpC0IhjAhNQ==",
			"dependencies": {
				"@polkadot/x-bigint": "11.0.2",
				"@polkadot/x-global": "11.0.2",
				"@polkadot/x-textdecoder": "11.0.2",
				"@polkadot/x-textencoder": "11.0.2",
				"@types/bn.js": "^5.1.1",
				"bn.js": "^5.2.1",
				"tslib": "^2.5.0"
			},
			"engines": {
				"node": ">=14.0.0"
			}
		},
		"node_modules/@polkadot/util-crypto": {
			"version": "11.0.2",
			"resolved": "https://registry.npmjs.org/@polkadot/util-crypto/-/util-crypto-11.0.2.tgz",
			"integrity": "sha512-pYy/XXBm7jya6gavW/OkvFAUhkWf5VzF+9klHNLkahmNjAy50Vthf8EQwuYvrmsW0s8RARSZ9Do9Kg2Ngpn25Q==",
			"dependencies": {
				"@noble/hashes": "1.2.0",
				"@noble/secp256k1": "1.7.1",
				"@polkadot/networks": "11.0.2",
				"@polkadot/util": "11.0.2",
				"@polkadot/wasm-crypto": "^7.0.3",
				"@polkadot/x-bigint": "11.0.2",
				"@polkadot/x-randomvalues": "11.0.2",
				"@scure/base": "1.1.1",
				"ed2curve": "^0.3.0",
				"tslib": "^2.5.0",
				"tweetnacl": "^1.0.3"
			},
			"engines": {
				"node": ">=14.0.0"
			},
			"peerDependencies": {
				"@polkadot/util": "11.0.2"
			}
		},
		"node_modules/@polkadot/wasm-bridge": {
			"version": "7.0.3",
			"resolved": "https://registry.npmjs.org/@polkadot/wasm-bridge/-/wasm-bridge-7.0.3.tgz",
			"integrity": "sha512-q5qyhkGE9lHQmThNg6G5zCM4gYip2KtmR+De/URX7yWAO6snsinFqt066RFVuHvX1hZijrYSe/BGQABAUtH4pw==",
			"dependencies": {
				"tslib": "^2.5.0"
			},
			"engines": {
				"node": ">=14.0.0"
			},
			"peerDependencies": {
				"@polkadot/util": "*",
				"@polkadot/x-randomvalues": "*"
			}
		},
		"node_modules/@polkadot/wasm-crypto": {
			"version": "7.0.3",
			"resolved": "https://registry.npmjs.org/@polkadot/wasm-crypto/-/wasm-crypto-7.0.3.tgz",
			"integrity": "sha512-mOCLCaL9cyrU72PCc9nMNAj3zdvOzau5mOGJjLahIz+mqlHAoAmEXCAJvJ2qCo7OFl8QiDToAEGhdDWQfiHUyg==",
			"dependencies": {
				"@polkadot/wasm-bridge": "7.0.3",
				"@polkadot/wasm-crypto-asmjs": "7.0.3",
				"@polkadot/wasm-crypto-init": "7.0.3",
				"@polkadot/wasm-crypto-wasm": "7.0.3",
				"@polkadot/wasm-util": "7.0.3",
				"tslib": "^2.5.0"
			},
			"engines": {
				"node": ">=14.0.0"
			},
			"peerDependencies": {
				"@polkadot/util": "*",
				"@polkadot/x-randomvalues": "*"
			}
		},
		"node_modules/@polkadot/wasm-crypto-asmjs": {
			"version": "7.0.3",
			"resolved": "https://registry.npmjs.org/@polkadot/wasm-crypto-asmjs/-/wasm-crypto-asmjs-7.0.3.tgz",
			"integrity": "sha512-ldMZjowYywn0Uj7jSr8a21rrlFFq/jWhCXVl21/KDcYGdFEfIajqbcrO5cHoT6w95sQgAwMWJwwDClXOaBjc/Q==",
			"dependencies": {
				"tslib": "^2.5.0"
			},
			"engines": {
				"node": ">=14.0.0"
			},
			"peerDependencies": {
				"@polkadot/util": "*"
			}
		},
		"node_modules/@polkadot/wasm-crypto-init": {
			"version": "7.0.3",
			"resolved": "https://registry.npmjs.org/@polkadot/wasm-crypto-init/-/wasm-crypto-init-7.0.3.tgz",
			"integrity": "sha512-W4ClfPrzOTqiX0x4h6rXjCt8UsVsbg3zU7LJFFjeLgrguPoKTLGw4h5O1rR2H7EuMFbuqdztzJn3qTjBcR03Cg==",
			"dependencies": {
				"@polkadot/wasm-bridge": "7.0.3",
				"@polkadot/wasm-crypto-asmjs": "7.0.3",
				"@polkadot/wasm-crypto-wasm": "7.0.3",
				"tslib": "^2.5.0"
			},
			"engines": {
				"node": ">=14.0.0"
			},
			"peerDependencies": {
				"@polkadot/util": "*",
				"@polkadot/x-randomvalues": "*"
			}
		},
		"node_modules/@polkadot/wasm-crypto-wasm": {
			"version": "7.0.3",
			"resolved": "https://registry.npmjs.org/@polkadot/wasm-crypto-wasm/-/wasm-crypto-wasm-7.0.3.tgz",
			"integrity": "sha512-FRjUADiA3wMkjJqQLgB0v9rbSADcb2PY/6dJi06iza9m41HebTN3x7f5D3gWTCfgJjzWLAPchY2Hwsa0WpTQkw==",
			"dependencies": {
				"@polkadot/wasm-util": "7.0.3",
				"tslib": "^2.5.0"
			},
			"engines": {
				"node": ">=14.0.0"
			},
			"peerDependencies": {
				"@polkadot/util": "*"
			}
		},
		"node_modules/@polkadot/wasm-util": {
			"version": "7.0.3",
			"resolved": "https://registry.npmjs.org/@polkadot/wasm-util/-/wasm-util-7.0.3.tgz",
			"integrity": "sha512-L9U5nSbzr5xa2YSpveP/zZxhOB6i8ibssK+ihuG+7SICYtTC0B9wJp/UnjP/c6bEDlMV3yWiNXJPBTJMGmkmIQ==",
			"dependencies": {
				"tslib": "^2.5.0"
			},
			"engines": {
				"node": ">=14.0.0"
			},
			"peerDependencies": {
				"@polkadot/util": "*"
			}
		},
		"node_modules/@polkadot/x-bigint": {
			"version": "11.0.2",
			"resolved": "https://registry.npmjs.org/@polkadot/x-bigint/-/x-bigint-11.0.2.tgz",
			"integrity": "sha512-/3RmlpY/I6CaCQOET1lllOlbLyBHfcJzw5/lXINrY7aWavG8DiHL1Gnl+Mi507aCor2K1GpRsEswhPhchgTInA==",
			"dependencies": {
				"@polkadot/x-global": "11.0.2",
				"tslib": "^2.5.0"
			},
			"engines": {
				"node": ">=14.0.0"
			}
		},
		"node_modules/@polkadot/x-fetch": {
			"version": "11.0.2",
			"resolved": "https://registry.npmjs.org/@polkadot/x-fetch/-/x-fetch-11.0.2.tgz",
			"integrity": "sha512-P5Jdgu4yON8ofqICTGM+jHUPUnT18oX3i/Ah58EUHdlVjqyJWHVfXAZSnRYNB2X/igQkz7bz8OEunxSQkIhHlg==",
			"dependencies": {
				"@polkadot/x-global": "11.0.2",
				"node-fetch": "^3.3.0",
				"tslib": "^2.5.0"
			},
			"engines": {
				"node": ">=14.0.0"
			}
		},
		"node_modules/@polkadot/x-global": {
			"version": "11.0.2",
			"resolved": "https://registry.npmjs.org/@polkadot/x-global/-/x-global-11.0.2.tgz",
			"integrity": "sha512-bIW4K9JXZDcrZinH7Fl3ogs70kyfLZPo5DxOJkS7Pu0m17v2oh/fRk+G8QXGo5ZTnLcLyldJxIIRiGY3TkS2Tw==",
			"dependencies": {
				"tslib": "^2.5.0"
			},
			"engines": {
				"node": ">=14.0.0"
			}
		},
		"node_modules/@polkadot/x-randomvalues": {
			"version": "11.0.2",
			"resolved": "https://registry.npmjs.org/@polkadot/x-randomvalues/-/x-randomvalues-11.0.2.tgz",
			"integrity": "sha512-y8Hhp3vTiQ65gXFfxFtHCFrgHrzURly0Kteo8a38Yttz4KGJzhbEUHYijnB0Ss/pHLoIieuhHNCRCnGEJQYbrA==",
			"dependencies": {
				"@polkadot/x-global": "11.0.2",
				"tslib": "^2.5.0"
			},
			"engines": {
				"node": ">=14.0.0"
			}
		},
		"node_modules/@polkadot/x-textdecoder": {
			"version": "11.0.2",
			"resolved": "https://registry.npmjs.org/@polkadot/x-textdecoder/-/x-textdecoder-11.0.2.tgz",
			"integrity": "sha512-tEoc1cl0Pcmx7cl/Kg+eqOEhWjgg66mHq95peD9FCo5dN/fpTn+gbrVOanetMjybKlAJ8Hzacm3nWtNqWIwQuQ==",
			"dependencies": {
				"@polkadot/x-global": "11.0.2",
				"tslib": "^2.5.0"
			},
			"engines": {
				"node": ">=14.0.0"
			}
		},
		"node_modules/@polkadot/x-textencoder": {
			"version": "11.0.2",
			"resolved": "https://registry.npmjs.org/@polkadot/x-textencoder/-/x-textencoder-11.0.2.tgz",
			"integrity": "sha512-UTb2e8Q7o8Z03TXjYnQL8qT/8vcF9pjVKhJrE+domLGfECEvHK8gWOrjsSPt3nep64Ha2S1BglZKrxGLUxwQWw==",
			"dependencies": {
				"@polkadot/x-global": "11.0.2",
				"tslib": "^2.5.0"
			},
			"engines": {
				"node": ">=14.0.0"
			}
		},
		"node_modules/@polkadot/x-ws": {
			"version": "11.0.2",
			"resolved": "https://registry.npmjs.org/@polkadot/x-ws/-/x-ws-11.0.2.tgz",
			"integrity": "sha512-8VI3t9tLjAYJB0uV08WiELzS6znquhj0XIyV+BQm0h4OAQLMoEzpUYp4BlzVmUM7htEzI1SLDcM52hZUvI1new==",
			"dependencies": {
				"@polkadot/x-global": "11.0.2",
				"tslib": "^2.5.0",
				"ws": "^8.13.0"
			},
			"engines": {
				"node": ">=14.0.0"
			}
		},
		"node_modules/@rollup/plugin-commonjs": {
			"version": "21.1.0",
			"resolved": "https://registry.npmjs.org/@rollup/plugin-commonjs/-/plugin-commonjs-21.1.0.tgz",
			"integrity": "sha512-6ZtHx3VHIp2ReNNDxHjuUml6ur+WcQ28N1yHgCQwsbNkQg2suhxGMDQGJOn/KuDxKtd1xuZP5xSTwBA4GQ8hbA==",
			"dev": true,
			"dependencies": {
				"@rollup/pluginutils": "^3.1.0",
				"commondir": "^1.0.1",
				"estree-walker": "^2.0.1",
				"glob": "^7.1.6",
				"is-reference": "^1.2.1",
				"magic-string": "^0.25.7",
				"resolve": "^1.17.0"
			},
			"engines": {
				"node": ">= 8.0.0"
			},
			"peerDependencies": {
				"rollup": "^2.38.3"
			}
		},
		"node_modules/@rollup/plugin-node-resolve": {
			"version": "13.3.0",
			"resolved": "https://registry.npmjs.org/@rollup/plugin-node-resolve/-/plugin-node-resolve-13.3.0.tgz",
			"integrity": "sha512-Lus8rbUo1eEcnS4yTFKLZrVumLPY+YayBdWXgFSHYhTT2iJbMhoaaBL3xl5NCdeRytErGr8tZ0L71BMRmnlwSw==",
			"dev": true,
			"dependencies": {
				"@rollup/pluginutils": "^3.1.0",
				"@types/resolve": "1.17.1",
				"deepmerge": "^4.2.2",
				"is-builtin-module": "^3.1.0",
				"is-module": "^1.0.0",
				"resolve": "^1.19.0"
			},
			"engines": {
				"node": ">= 10.0.0"
			},
			"peerDependencies": {
				"rollup": "^2.42.0"
			}
		},
		"node_modules/@rollup/pluginutils": {
			"version": "3.1.0",
			"resolved": "https://registry.npmjs.org/@rollup/pluginutils/-/pluginutils-3.1.0.tgz",
			"integrity": "sha512-GksZ6pr6TpIjHm8h9lSQ8pi8BE9VeubNT0OMJ3B5uZJ8pz73NPiqOtCog/x2/QzM1ENChPKxMDhiQuRHsqc+lg==",
			"dev": true,
			"dependencies": {
				"@types/estree": "0.0.39",
				"estree-walker": "^1.0.1",
				"picomatch": "^2.2.2"
			},
			"engines": {
				"node": ">= 8.0.0"
			},
			"peerDependencies": {
				"rollup": "^1.20.0||^2.0.0"
			}
		},
		"node_modules/@rollup/pluginutils/node_modules/estree-walker": {
			"version": "1.0.1",
			"resolved": "https://registry.npmjs.org/estree-walker/-/estree-walker-1.0.1.tgz",
			"integrity": "sha512-1fMXF3YP4pZZVozF8j/ZLfvnR8NSIljt56UhbZ5PeeDmmGHpgpdwQt7ITlGvYaQukCvuBRMLEiKiYC+oeIg4cg==",
			"dev": true
		},
		"node_modules/@scure/base": {
			"version": "1.1.1",
			"resolved": "https://registry.npmjs.org/@scure/base/-/base-1.1.1.tgz",
			"integrity": "sha512-ZxOhsSyxYwLJj3pLZCefNitxsj093tb2vq90mp2txoYeBqbcjDjqFhyM8eUjq/uFm6zJ+mUuqxlS2FkuSY1MTA==",
			"funding": [
				{
					"type": "individual",
					"url": "https://paulmillr.com/funding/"
				}
			]
		},
		"node_modules/@substrate/connect": {
			"version": "0.7.20",
			"resolved": "https://registry.npmjs.org/@substrate/connect/-/connect-0.7.20.tgz",
			"integrity": "sha512-f/sMgGUikJxDaNMkQXCU/1WaMy0MLJB+KS+P+CpsIhWyxj2dOcph5YXjAJiIlgrZqHImV28RJnraxXBD3AlmLQ==",
			"optional": true,
			"dependencies": {
				"@substrate/connect-extension-protocol": "^1.0.1",
				"eventemitter3": "^4.0.7",
				"smoldot": "0.7.11"
			}
		},
		"node_modules/@substrate/connect-extension-protocol": {
			"version": "1.0.1",
			"resolved": "https://registry.npmjs.org/@substrate/connect-extension-protocol/-/connect-extension-protocol-1.0.1.tgz",
			"integrity": "sha512-161JhCC1csjH3GE5mPLEd7HbWtwNSPJBg3p1Ksz9SFlTzj/bgEwudiRN2y5i0MoLGCIJRYKyKGMxVnd29PzNjg==",
			"optional": true
		},
		"node_modules/@substrate/connect/node_modules/eventemitter3": {
			"version": "4.0.7",
			"resolved": "https://registry.npmjs.org/eventemitter3/-/eventemitter3-4.0.7.tgz",
			"integrity": "sha512-8guHBZCwKnFhYdHr2ysuRWErTwhoN2X8XELRlrRwpmfeY2jjuUN4taQMsULKUVo1K4DvZl+0pgfyoysHxvmvEw==",
			"optional": true
		},
		"node_modules/@substrate/ss58-registry": {
			"version": "1.39.0",
			"resolved": "https://registry.npmjs.org/@substrate/ss58-registry/-/ss58-registry-1.39.0.tgz",
			"integrity": "sha512-qZYpuE6n+mwew+X71dOur/CbMXj6rNW27o63JeJwdQH/GvcSKm3JLNhd+bGzwUKg0D/zD30Qc6p4JykArzM+tA=="
		},
		"node_modules/@types/bn.js": {
			"version": "5.1.1",
			"resolved": "https://registry.npmjs.org/@types/bn.js/-/bn.js-5.1.1.tgz",
			"integrity": "sha512-qNrYbZqMx0uJAfKnKclPh+dTwK33KfLHYqtyODwd5HnXOjnkhc4qgn3BrK6RWyGZm5+sIFE7Q7Vz6QQtJB7w7g==",
			"dependencies": {
				"@types/node": "*"
			}
		},
		"node_modules/@types/estree": {
			"version": "0.0.39",
			"resolved": "https://registry.npmjs.org/@types/estree/-/estree-0.0.39.tgz",
			"integrity": "sha512-EYNwp3bU+98cpU4lAWYYL7Zz+2gryWH1qbdDTidVd6hkiR6weksdbMadyXKXNPEkQFhXM+hVO9ZygomHXp+AIw==",
			"dev": true
		},
		"node_modules/@types/node": {
			"version": "18.15.3",
			"resolved": "https://registry.npmjs.org/@types/node/-/node-18.15.3.tgz",
			"integrity": "sha512-p6ua9zBxz5otCmbpb5D3U4B5Nanw6Pk3PPyX05xnxbB/fRv71N7CPmORg7uAD5P70T0xmx1pzAx/FUfa5X+3cw=="
		},
		"node_modules/@types/resolve": {
			"version": "1.17.1",
			"resolved": "https://registry.npmjs.org/@types/resolve/-/resolve-1.17.1.tgz",
			"integrity": "sha512-yy7HuzQhj0dhGpD8RLXSZWEkLsV9ibvxvi6EiJ3bkqLAO1RGo0WbkWQiwpRlSFymTJRz0d3k5LM3kkx8ArDbLw==",
			"dev": true,
			"dependencies": {
				"@types/node": "*"
			}
		},
		"node_modules/acorn": {
			"version": "8.8.2",
			"resolved": "https://registry.npmjs.org/acorn/-/acorn-8.8.2.tgz",
			"integrity": "sha512-xjIYgE8HBrkpd/sJqOGNspf8uHG+NOHGOw6a/Urj8taM2EXfdNAH2oFcPeIFfsv3+kz/mJrS5VuMqbNLjCa2vw==",
			"peer": true,
			"bin": {
				"acorn": "bin/acorn"
			},
			"engines": {
				"node": ">=0.4.0"
			}
		},
		"node_modules/balanced-match": {
			"version": "1.0.2",
			"resolved": "https://registry.npmjs.org/balanced-match/-/balanced-match-1.0.2.tgz",
			"integrity": "sha512-3oSeUO0TMV67hN1AmbXsK4yaqU7tjiHlbxRDZOpH0KW9+CeX4bRAaX0Anxt0tx2MrpRpWwQaPwIlISEJhYU5Pw==",
			"dev": true
		},
		"node_modules/bn.js": {
			"version": "5.2.1",
			"resolved": "https://registry.npmjs.org/bn.js/-/bn.js-5.2.1.tgz",
			"integrity": "sha512-eXRvHzWyYPBuB4NBy0cmYQjGitUrtqwbvlzP3G6VFnNRbsZQIxQ10PbKKHt8gZ/HW/D/747aDl+QkDqg3KQLMQ=="
		},
		"node_modules/brace-expansion": {
			"version": "1.1.11",
			"resolved": "https://registry.npmjs.org/brace-expansion/-/brace-expansion-1.1.11.tgz",
			"integrity": "sha512-iCuPHDFgrHX7H2vEI/5xpz07zSHB00TpugqhmYtVmMO6518mCuRMoOYFldEBl0g187ufozdaHgWKcYFb61qGiA==",
			"dev": true,
			"dependencies": {
				"balanced-match": "^1.0.0",
				"concat-map": "0.0.1"
			}
		},
		"node_modules/buffer-from": {
			"version": "1.1.2",
			"resolved": "https://registry.npmjs.org/buffer-from/-/buffer-from-1.1.2.tgz",
			"integrity": "sha512-E+XQCRwSbaaiChtv6k6Dwgc+bx+Bs6vuKJHHl5kox/BaKbhiXzqQOwK4cO22yElGp2OCmjwVhT3HmxgyPGnJfQ==",
			"peer": true
		},
		"node_modules/builtin-modules": {
			"version": "3.3.0",
			"resolved": "https://registry.npmjs.org/builtin-modules/-/builtin-modules-3.3.0.tgz",
			"integrity": "sha512-zhaCDicdLuWN5UbN5IMnFqNMhNfo919sH85y2/ea+5Yg9TsTkeZxpL+JLbp6cgYFS4sRLp3YV4S6yDuqVWHYOw==",
			"dev": true,
			"engines": {
				"node": ">=6"
			},
			"funding": {
				"url": "https://github.com/sponsors/sindresorhus"
			}
		},
		"node_modules/commander": {
			"version": "2.20.3",
			"resolved": "https://registry.npmjs.org/commander/-/commander-2.20.3.tgz",
			"integrity": "sha512-GpVkmM8vF2vQUkj2LvZmD35JxeJOLCwJ9cUkugyk2nuhbv3+mJvpLYYt+0+USMxE+oj+ey/lJEnhZw75x/OMcQ==",
			"peer": true
		},
		"node_modules/commondir": {
			"version": "1.0.1",
			"resolved": "https://registry.npmjs.org/commondir/-/commondir-1.0.1.tgz",
			"integrity": "sha512-W9pAhw0ja1Edb5GVdIF1mjZw/ASI0AlShXM83UUGe2DVr5TdAPEA1OA8m/g8zWp9x6On7gqufY+FatDbC3MDQg==",
			"dev": true
		},
		"node_modules/concat-map": {
			"version": "0.0.1",
			"resolved": "https://registry.npmjs.org/concat-map/-/concat-map-0.0.1.tgz",
			"integrity": "sha512-/Srv4dswyQNBfohGpz9o6Yb3Gz3SrUDqBH5rTuhGR7ahtlbYKnVxw2bCFMRljaA7EXHaXZ8wsHdodFvbkhKmqg==",
			"dev": true
		},
		"node_modules/core-js": {
			"version": "3.30.0",
			"resolved": "https://registry.npmjs.org/core-js/-/core-js-3.30.0.tgz",
			"integrity": "sha512-hQotSSARoNh1mYPi9O2YaWeiq/cEB95kOrFb4NCrO4RIFt1qqNpKsaE+vy/L3oiqvND5cThqXzUU3r9F7Efztg==",
			"hasInstallScript": true,
			"funding": {
				"type": "opencollective",
				"url": "https://opencollective.com/core-js"
			}
		},
		"node_modules/data-uri-to-buffer": {
			"version": "4.0.1",
			"resolved": "https://registry.npmjs.org/data-uri-to-buffer/-/data-uri-to-buffer-4.0.1.tgz",
			"integrity": "sha512-0R9ikRb668HB7QDxT1vkpuUBtqc53YyAwMwGeUFKRojY/NWKvdZ+9UYtRfGmhqNbRkTSVpMbmyhXipFFv2cb/A==",
			"engines": {
				"node": ">= 12"
			}
		},
		"node_modules/debug": {
			"version": "4.3.4",
			"resolved": "https://registry.npmjs.org/debug/-/debug-4.3.4.tgz",
			"integrity": "sha512-PRWFHuSU3eDtQJPvnNY7Jcket1j0t5OuOsFzPPzsekD52Zl8qUfFIPEiswXqIvHWGVHOgX+7G/vCNNhehwxfkQ==",
			"dependencies": {
				"ms": "2.1.2"
			},
			"engines": {
				"node": ">=6.0"
			},
			"peerDependenciesMeta": {
				"supports-color": {
					"optional": true
				}
			}
		},
		"node_modules/deepmerge": {
			"version": "4.3.0",
			"resolved": "https://registry.npmjs.org/deepmerge/-/deepmerge-4.3.0.tgz",
			"integrity": "sha512-z2wJZXrmeHdvYJp/Ux55wIjqo81G5Bp4c+oELTW+7ar6SogWHajt5a9gO3s3IDaGSAXjDk0vlQKN3rms8ab3og==",
			"dev": true,
			"engines": {
				"node": ">=0.10.0"
			}
		},
		"node_modules/ed2curve": {
			"version": "0.3.0",
			"resolved": "https://registry.npmjs.org/ed2curve/-/ed2curve-0.3.0.tgz",
			"integrity": "sha512-8w2fmmq3hv9rCrcI7g9hms2pMunQr1JINfcjwR9tAyZqhtyaMN991lF/ZfHfr5tzZQ8c7y7aBgZbjfbd0fjFwQ==",
			"dependencies": {
				"tweetnacl": "1.x.x"
			}
		},
		"node_modules/estree-walker": {
			"version": "2.0.2",
			"resolved": "https://registry.npmjs.org/estree-walker/-/estree-walker-2.0.2.tgz",
			"integrity": "sha512-Rfkk/Mp/DL7JVje3u18FxFujQlTNR2q6QfMSMB7AvCBx91NGj/ba3kCfza0f6dVDbw7YlRf/nDrn7pQrCCyQ/w=="
		},
		"node_modules/eventemitter3": {
			"version": "5.0.0",
			"resolved": "https://registry.npmjs.org/eventemitter3/-/eventemitter3-5.0.0.tgz",
			"integrity": "sha512-riuVbElZZNXLeLEoprfNYoDSwTBRR44X3mnhdI1YcnENpWTCsTTVZ2zFuqQcpoyqPQIUXdiPEU0ECAq0KQRaHg=="
		},
		"node_modules/fetch-blob": {
			"version": "3.2.0",
			"resolved": "https://registry.npmjs.org/fetch-blob/-/fetch-blob-3.2.0.tgz",
			"integrity": "sha512-7yAQpD2UMJzLi1Dqv7qFYnPbaPx7ZfFK6PiIxQ4PfkGPyNyl2Ugx+a/umUonmKqjhM4DnfbMvdX6otXq83soQQ==",
			"funding": [
				{
					"type": "github",
					"url": "https://github.com/sponsors/jimmywarting"
				},
				{
					"type": "paypal",
					"url": "https://paypal.me/jimmywarting"
				}
			],
			"dependencies": {
				"node-domexception": "^1.0.0",
				"web-streams-polyfill": "^3.0.3"
			},
			"engines": {
				"node": "^12.20 || >= 14.13"
			}
		},
		"node_modules/formdata-polyfill": {
			"version": "4.0.10",
			"resolved": "https://registry.npmjs.org/formdata-polyfill/-/formdata-polyfill-4.0.10.tgz",
			"integrity": "sha512-buewHzMvYL29jdeQTVILecSaZKnt/RJWjoZCF5OW60Z67/GmSLBkOFM7qh1PI3zFNtJbaZL5eQu1vLfazOwj4g==",
			"dependencies": {
				"fetch-blob": "^3.1.2"
			},
			"engines": {
				"node": ">=12.20.0"
			}
		},
		"node_modules/fs.realpath": {
			"version": "1.0.0",
			"resolved": "https://registry.npmjs.org/fs.realpath/-/fs.realpath-1.0.0.tgz",
			"integrity": "sha512-OO0pH2lK6a0hZnAdau5ItzHPI6pUlvI7jMVnxUQRtw4owF2wk8lOSabtGDCTP4Ggrg2MbGnWO9X8K1t4+fGMDw==",
			"dev": true
		},
		"node_modules/fsevents": {
			"version": "2.3.2",
			"resolved": "https://registry.npmjs.org/fsevents/-/fsevents-2.3.2.tgz",
			"integrity": "sha512-xiqMQR4xAeHTuB9uWm+fFRcIOgKBMiOBP+eXiyT7jsgVCq1bkVygt00oASowB7EdtpOHaaPgKt812P9ab+DDKA==",
			"hasInstallScript": true,
			"optional": true,
			"os": [
				"darwin"
			],
			"engines": {
				"node": "^8.16.0 || ^10.6.0 || >=11.0.0"
			}
		},
		"node_modules/function-bind": {
			"version": "1.1.1",
			"resolved": "https://registry.npmjs.org/function-bind/-/function-bind-1.1.1.tgz",
			"integrity": "sha512-yIovAzMX49sF8Yl58fSCWJ5svSLuaibPxXQJFLmBObTuCr0Mf1KiPopGM9NiFjiYBCbfaa2Fh6breQ6ANVTI0A==",
			"dev": true
		},
		"node_modules/glob": {
			"version": "7.2.3",
			"resolved": "https://registry.npmjs.org/glob/-/glob-7.2.3.tgz",
			"integrity": "sha512-nFR0zLpU2YCaRxwoCJvL6UvCH2JFyFVIvwTLsIf21AuHlMskA1hhTdk+LlYJtOlYt9v6dvszD2BGRqBL+iQK9Q==",
			"dev": true,
			"dependencies": {
				"fs.realpath": "^1.0.0",
				"inflight": "^1.0.4",
				"inherits": "2",
				"minimatch": "^3.1.1",
				"once": "^1.3.0",
				"path-is-absolute": "^1.0.0"
			},
			"engines": {
				"node": "*"
			},
			"funding": {
				"url": "https://github.com/sponsors/isaacs"
			}
		},
		"node_modules/has": {
			"version": "1.0.3",
			"resolved": "https://registry.npmjs.org/has/-/has-1.0.3.tgz",
			"integrity": "sha512-f2dvO0VU6Oej7RkWJGrehjbzMAjFp5/VKPp5tTpWIV4JHHZK1/BxbFRtf/siA2SWTe09caDmVtYYzWEIbBS4zw==",
			"dev": true,
			"dependencies": {
				"function-bind": "^1.1.1"
			},
			"engines": {
				"node": ">= 0.4.0"
			}
		},
		"node_modules/inflight": {
			"version": "1.0.6",
			"resolved": "https://registry.npmjs.org/inflight/-/inflight-1.0.6.tgz",
			"integrity": "sha512-k92I/b08q4wvFscXCLvqfsHCrjrF7yiXsQuIVvVE7N82W3+aqpzuUdBbfhWcy/FZR3/4IgflMgKLOsvPDrGCJA==",
			"dev": true,
			"dependencies": {
				"once": "^1.3.0",
				"wrappy": "1"
			}
		},
		"node_modules/inherits": {
			"version": "2.0.4",
			"resolved": "https://registry.npmjs.org/inherits/-/inherits-2.0.4.tgz",
			"integrity": "sha512-k/vGaX4/Yla3WzyMCvTQOXYeIHvqOKtnqBduzTHpzpQZzAskKMhZ2K+EnBiSM9zGSoIFeMpXKxa4dYeZIQqewQ==",
			"dev": true
		},
		"node_modules/inum": {
			"version": "1.0.2",
			"resolved": "https://registry.npmjs.org/inum/-/inum-1.0.2.tgz",
			"integrity": "sha512-NBnIAC9JVofxojjWH466BhpJoVv2XR6XX0vhbTEmH7q3EUQoIO0GRT8+l9YDmEywki18F0bT8nUPvEFMlCPIPQ=="
		},
		"node_modules/is-builtin-module": {
			"version": "3.2.1",
			"resolved": "https://registry.npmjs.org/is-builtin-module/-/is-builtin-module-3.2.1.tgz",
			"integrity": "sha512-BSLE3HnV2syZ0FK0iMA/yUGplUeMmNz4AW5fnTunbCIqZi4vG3WjJT9FHMy5D69xmAYBHXQhJdALdpwVxV501A==",
			"dev": true,
			"dependencies": {
				"builtin-modules": "^3.3.0"
			},
			"engines": {
				"node": ">=6"
			},
			"funding": {
				"url": "https://github.com/sponsors/sindresorhus"
			}
		},
		"node_modules/is-core-module": {
			"version": "2.11.0",
			"resolved": "https://registry.npmjs.org/is-core-module/-/is-core-module-2.11.0.tgz",
			"integrity": "sha512-RRjxlvLDkD1YJwDbroBHMb+cukurkDWNyHx7D3oNB5x9rb5ogcksMC5wHCadcXoo67gVr/+3GFySh3134zi6rw==",
			"dev": true,
			"dependencies": {
				"has": "^1.0.3"
			},
			"funding": {
				"url": "https://github.com/sponsors/ljharb"
			}
		},
		"node_modules/is-module": {
			"version": "1.0.0",
			"resolved": "https://registry.npmjs.org/is-module/-/is-module-1.0.0.tgz",
			"integrity": "sha512-51ypPSPCoTEIN9dy5Oy+h4pShgJmPCygKfyRCISBI+JoWT/2oJvK8QPxmwv7b/p239jXrm9M1mlQbyKJ5A152g==",
			"dev": true
		},
		"node_modules/is-reference": {
			"version": "1.2.1",
			"resolved": "https://registry.npmjs.org/is-reference/-/is-reference-1.2.1.tgz",
			"integrity": "sha512-U82MsXXiFIrjCK4otLT+o2NA2Cd2g5MLoOVXUZjIOhLurrRxpEXzI8O0KZHr3IjLvlAH1kTPYSuqer5T9ZVBKQ==",
			"dev": true,
			"dependencies": {
				"@types/estree": "*"
			}
		},
		"node_modules/js-chacha20": {
			"version": "1.1.0",
			"resolved": "https://registry.npmjs.org/js-chacha20/-/js-chacha20-1.1.0.tgz",
			"integrity": "sha512-ML5/rujYI/iYydrkIdf+JtUyjmiTWd4UgxNkEmIQ/rltgHzgtzlYJnnMETxPTFGnivEWynZca4YXUoZlxVtjqA=="
		},
		"node_modules/json-stringify-safe": {
			"version": "5.0.1",
			"resolved": "https://registry.npmjs.org/json-stringify-safe/-/json-stringify-safe-5.0.1.tgz",
			"integrity": "sha512-ZClg6AaYvamvYEE82d3Iyd3vSSIjQ+odgjaTzRuO3s7toCdFKczob2i0zCh7JE8kWn17yvAWhUVxvqGwUalsRA=="
		},
		"node_modules/lodash": {
			"version": "4.17.21",
			"resolved": "https://registry.npmjs.org/lodash/-/lodash-4.17.21.tgz",
			"integrity": "sha512-v2kDEe57lecTulaDIuNTPy3Ry4gLGJ6Z1O3vE1krgXZNrsQ+LFTGHVxVjcXPs17LhbZVGedAJv8XZ1tvj5FvSg=="
		},
		"node_modules/magic-string": {
			"version": "0.25.9",
			"resolved": "https://registry.npmjs.org/magic-string/-/magic-string-0.25.9.tgz",
			"integrity": "sha512-RmF0AsMzgt25qzqqLc1+MbHmhdx0ojF2Fvs4XnOqz2ZOBXzzkEwc/dJQZCYHAn7v1jbVOjAZfK8msRn4BxO4VQ==",
			"dev": true,
			"dependencies": {
				"sourcemap-codec": "^1.4.8"
			}
		},
		"node_modules/minimatch": {
			"version": "3.1.2",
			"resolved": "https://registry.npmjs.org/minimatch/-/minimatch-3.1.2.tgz",
			"integrity": "sha512-J7p63hRiAjw1NDEww1W7i37+ByIrOWO5XQQAzZ3VOcL0PNybwpfmV/N05zFAzwQ9USyEcX6t3UO+K5aqBQOIHw==",
			"dev": true,
			"dependencies": {
				"brace-expansion": "^1.1.7"
			},
			"engines": {
				"node": "*"
			}
		},
		"node_modules/mock-socket": {
			"version": "9.2.1",
			"resolved": "https://registry.npmjs.org/mock-socket/-/mock-socket-9.2.1.tgz",
			"integrity": "sha512-aw9F9T9G2zpGipLLhSNh6ZpgUyUl4frcVmRN08uE1NWPWg43Wx6+sGPDbQ7E5iFZZDJW5b5bypMeAEHqTbIFag==",
			"engines": {
				"node": ">= 8"
			}
		},
		"node_modules/ms": {
			"version": "2.1.2",
			"resolved": "https://registry.npmjs.org/ms/-/ms-2.1.2.tgz",
			"integrity": "sha512-sGkPx+VjMtmA6MX27oA4FBFELFCZZ4S4XqeGOXCv68tT+jb3vk/RyaKWP0PTKyWtmLSM0b+adUTEvbs1PEaH2w=="
		},
		"node_modules/nock": {
			"version": "13.3.0",
			"resolved": "https://registry.npmjs.org/nock/-/nock-13.3.0.tgz",
			"integrity": "sha512-HHqYQ6mBeiMc+N038w8LkMpDCRquCHWeNmN3v6645P3NhN2+qXOBqvPqo7Rt1VyCMzKhJ733wZqw5B7cQVFNPg==",
			"dependencies": {
				"debug": "^4.1.0",
				"json-stringify-safe": "^5.0.1",
				"lodash": "^4.17.21",
				"propagate": "^2.0.0"
			},
			"engines": {
				"node": ">= 10.13"
			}
		},
		"node_modules/node-domexception": {
			"version": "1.0.0",
			"resolved": "https://registry.npmjs.org/node-domexception/-/node-domexception-1.0.0.tgz",
			"integrity": "sha512-/jKZoMpw0F8GRwl4/eLROPA3cfcXtLApP0QzLmUT/HuPCZWyB7IY9ZrMeKw2O/nFIqPQB3PVM9aYm0F312AXDQ==",
			"funding": [
				{
					"type": "github",
					"url": "https://github.com/sponsors/jimmywarting"
				},
				{
					"type": "github",
					"url": "https://paypal.me/jimmywarting"
				}
			],
			"engines": {
				"node": ">=10.5.0"
			}
		},
		"node_modules/node-fetch": {
			"version": "3.3.1",
			"resolved": "https://registry.npmjs.org/node-fetch/-/node-fetch-3.3.1.tgz",
			"integrity": "sha512-cRVc/kyto/7E5shrWca1Wsea4y6tL9iYJE5FBCius3JQfb/4P4I295PfhgbJQBLTx6lATE4z+wK0rPM4VS2uow==",
			"dependencies": {
				"data-uri-to-buffer": "^4.0.0",
				"fetch-blob": "^3.1.4",
				"formdata-polyfill": "^4.0.10"
			},
			"engines": {
				"node": "^12.20.0 || ^14.13.1 || >=16.0.0"
			},
			"funding": {
				"type": "opencollective",
				"url": "https://opencollective.com/node-fetch"
			}
		},
		"node_modules/once": {
			"version": "1.4.0",
			"resolved": "https://registry.npmjs.org/once/-/once-1.4.0.tgz",
			"integrity": "sha512-lNaJgI+2Q5URQBkccEKHTQOPaXdUxnZZElQTZY0MFUAuaEqe1E+Nyvgdz/aIyNi6Z9MzO5dv1H8n58/GELp3+w==",
			"dev": true,
			"dependencies": {
				"wrappy": "1"
			}
		},
		"node_modules/pako": {
			"version": "2.1.0",
			"resolved": "https://registry.npmjs.org/pako/-/pako-2.1.0.tgz",
			"integrity": "sha512-w+eufiZ1WuJYgPXbV/PO3NCMEc3xqylkKHzp8bxp1uW4qaSNQUkwmLLEc3kKsfz8lpV1F8Ht3U1Cm+9Srog2ug==",
			"optional": true
		},
		"node_modules/path-is-absolute": {
			"version": "1.0.1",
			"resolved": "https://registry.npmjs.org/path-is-absolute/-/path-is-absolute-1.0.1.tgz",
			"integrity": "sha512-AVbw3UJ2e9bq64vSaS9Am0fje1Pa8pbGqTTsmXfaIiMpnr5DlDhfJOuLj9Sf95ZPVDAUerDfEk88MPmPe7UCQg==",
			"dev": true,
			"engines": {
				"node": ">=0.10.0"
			}
		},
		"node_modules/path-parse": {
			"version": "1.0.7",
			"resolved": "https://registry.npmjs.org/path-parse/-/path-parse-1.0.7.tgz",
			"integrity": "sha512-LDJzPVEEEPR+y48z93A0Ed0yXb8pAByGWo/k5YYdYgpY2/2EsOsksJrq7lOHxryrVOn1ejG6oAp8ahvOIQD8sw==",
			"dev": true
		},
		"node_modules/picomatch": {
			"version": "2.3.1",
			"resolved": "https://registry.npmjs.org/picomatch/-/picomatch-2.3.1.tgz",
			"integrity": "sha512-JU3teHTNjmE2VCGFzuY8EXzCDVwEqB2a8fsIvwaStHhAWJEeVd1o1QD80CU6+ZdEXXSLbSsuLwJjkCBWqRQUVA==",
			"engines": {
				"node": ">=8.6"
			},
			"funding": {
				"url": "https://github.com/sponsors/jonschlinkert"
			}
		},
		"node_modules/pool-handlers": {
			"version": "1.0.2",
			"resolved": "https://registry.npmjs.org/pool-handlers/-/pool-handlers-1.0.2.tgz",
			"integrity": "sha512-gPrmXWyVEFUlM+PZqQ2subOX5V4KrtRHYPJgkMdGnMAutwfygq849uxpG8a0+H+H/9gvxdr10Py8pS8k3W/URw==",
			"dependencies": {
				"inum": "^1.0.1"
			}
		},
		"node_modules/propagate": {
			"version": "2.0.1",
			"resolved": "https://registry.npmjs.org/propagate/-/propagate-2.0.1.tgz",
			"integrity": "sha512-vGrhOavPSTz4QVNuBNdcNXePNdNMaO1xj9yBeH1ScQPjk/rhg9sSlCXPhMkFuaNNW/syTvYqsnbIJxMBfRbbag==",
			"engines": {
				"node": ">= 8"
			}
		},
		"node_modules/resolve": {
			"version": "1.22.1",
			"resolved": "https://registry.npmjs.org/resolve/-/resolve-1.22.1.tgz",
			"integrity": "sha512-nBpuuYuY5jFsli/JIs1oldw6fOQCBioohqWZg/2hiaOybXOft4lonv85uDOKXdf8rhyK159cxU5cDcK/NKk8zw==",
			"dev": true,
			"dependencies": {
				"is-core-module": "^2.9.0",
				"path-parse": "^1.0.7",
				"supports-preserve-symlinks-flag": "^1.0.0"
			},
			"bin": {
				"resolve": "bin/resolve"
			},
			"funding": {
				"url": "https://github.com/sponsors/ljharb"
			}
		},
		"node_modules/rollup": {
			"version": "2.79.1",
			"resolved": "https://registry.npmjs.org/rollup/-/rollup-2.79.1.tgz",
			"integrity": "sha512-uKxbd0IhMZOhjAiD5oAFp7BqvkA4Dv47qpOCtaNvng4HBwdbWtdOh8f5nZNuk2rp51PMGk3bzfWu5oayNEuYnw==",
			"bin": {
				"rollup": "dist/bin/rollup"
			},
			"engines": {
				"node": ">=10.0.0"
			},
			"optionalDependencies": {
				"fsevents": "~2.3.2"
			}
		},
		"node_modules/rxjs": {
			"version": "7.8.0",
			"resolved": "https://registry.npmjs.org/rxjs/-/rxjs-7.8.0.tgz",
			"integrity": "sha512-F2+gxDshqmIub1KdvZkaEfGDwLNpPvk9Fs6LD/MyQxNgMds/WH9OdDDXOmxUZpME+iSK3rQCctkL0DYyytUqMg==",
			"dependencies": {
				"tslib": "^2.1.0"
			}
		},
		"node_modules/smoldot": {
			"version": "0.7.11",
			"resolved": "https://registry.npmjs.org/smoldot/-/smoldot-0.7.11.tgz",
			"integrity": "sha512-aE1led154FJ2/jrXKv2HLKdNIyvYJG6H2ZmKYFS++kW1OAcTQ6idDy3fzAI1VdydLDYK0YbKUsj7SJDmrjsS3g==",
			"optional": true,
			"dependencies": {
				"pako": "^2.0.4",
				"ws": "^8.8.1"
			}
		},
		"node_modules/source-map": {
			"version": "0.6.1",
			"resolved": "https://registry.npmjs.org/source-map/-/source-map-0.6.1.tgz",
			"integrity": "sha512-UjgapumWlbMhkBgzT7Ykc5YXUT46F0iKu8SGXq0bcwP5dz/h0Plj6enJqjz1Zbq2l5WaqYnrVbwWOWMyF3F47g==",
			"peer": true,
			"engines": {
				"node": ">=0.10.0"
			}
		},
		"node_modules/source-map-support": {
			"version": "0.5.21",
			"resolved": "https://registry.npmjs.org/source-map-support/-/source-map-support-0.5.21.tgz",
			"integrity": "sha512-uBHU3L3czsIyYXKX88fdrGovxdSCoTGDRZ6SYXtSRxLZUzHg5P/66Ht6uoUlHu9EZod+inXhKo3qQgwXUT/y1w==",
			"peer": true,
			"dependencies": {
				"buffer-from": "^1.0.0",
				"source-map": "^0.6.0"
			}
		},
		"node_modules/sourcemap-codec": {
			"version": "1.4.8",
			"resolved": "https://registry.npmjs.org/sourcemap-codec/-/sourcemap-codec-1.4.8.tgz",
			"integrity": "sha512-9NykojV5Uih4lgo5So5dtw+f0JgJX30KCNI8gwhz2J9A15wD0Ml6tjHKwf6fTSa6fAdVBdZeNOs9eJ71qCk8vA==",
			"deprecated": "Please use @jridgewell/sourcemap-codec instead",
			"dev": true
		},
		"node_modules/states-manager": {
			"version": "1.0.2",
			"resolved": "https://registry.npmjs.org/states-manager/-/states-manager-1.0.2.tgz",
			"integrity": "sha512-ks/0qs/dzCWl1g+WJuEe3UMAva6vE55ndVHLEtSoBJ7qXKrGtJC0uhPwb+crgkkiAUJa/mjRpLwv4/ZAUREhYg=="
		},
		"node_modules/supports-preserve-symlinks-flag": {
			"version": "1.0.0",
			"resolved": "https://registry.npmjs.org/supports-preserve-symlinks-flag/-/supports-preserve-symlinks-flag-1.0.0.tgz",
			"integrity": "sha512-ot0WnXS9fgdkgIcePe6RHNk1WA8+muPa6cSjeR3V8K27q9BB1rTE3R1p7Hv0z1ZyAc8s6Vvv8DIyWf681MAt0w==",
			"dev": true,
			"engines": {
				"node": ">= 0.4"
			},
			"funding": {
				"url": "https://github.com/sponsors/ljharb"
			}
		},
		"node_modules/terser": {
			"version": "5.16.9",
			"resolved": "https://registry.npmjs.org/terser/-/terser-5.16.9.tgz",
			"integrity": "sha512-HPa/FdTB9XGI2H1/keLFZHxl6WNvAI4YalHGtDQTlMnJcoqSab1UwL4l1hGEhs6/GmLHBZIg/YgB++jcbzoOEg==",
			"peer": true,
			"dependencies": {
				"@jridgewell/source-map": "^0.3.2",
				"acorn": "^8.5.0",
				"commander": "^2.20.0",
				"source-map-support": "~0.5.20"
			},
			"bin": {
				"terser": "bin/terser"
			},
			"engines": {
				"node": ">=10"
			}
		},
		"node_modules/tslib": {
			"version": "2.5.0",
			"resolved": "https://registry.npmjs.org/tslib/-/tslib-2.5.0.tgz",
			"integrity": "sha512-336iVw3rtn2BUK7ORdIAHTyxHGRIHVReokCR3XjbckJMK7ms8FysBfhLR8IXnAgy7T0PTPNBWKiH514FOW/WSg=="
		},
		"node_modules/tweetnacl": {
			"version": "1.0.3",
			"resolved": "https://registry.npmjs.org/tweetnacl/-/tweetnacl-1.0.3.tgz",
			"integrity": "sha512-6rt+RN7aOi1nGMyC4Xa5DdYiukl2UWCbcJft7YhxReBGQD7OAM8Pbxw6YMo4r2diNEA8FEmu32YOn9rhaiE5yw=="
		},
		"node_modules/web-streams-polyfill": {
			"version": "3.2.1",
			"resolved": "https://registry.npmjs.org/web-streams-polyfill/-/web-streams-polyfill-3.2.1.tgz",
			"integrity": "sha512-e0MO3wdXWKrLbL0DgGnUV7WHVuw9OUvL4hjgnPkIeEvESk74gAITi5G606JtZPp39cd8HA9VQzCIvA49LpPN5Q==",
			"engines": {
				"node": ">= 8"
			}
		},
		"node_modules/wrappy": {
			"version": "1.0.2",
			"resolved": "https://registry.npmjs.org/wrappy/-/wrappy-1.0.2.tgz",
			"integrity": "sha512-l4Sp/DRseor9wL6EvV2+TuQn63dMkPjZ/sp9XkghTEbV9KlPS1xUsZ3u7/IQO4wxtcFB4bgpQPRcR3QCvezPcQ==",
			"dev": true
		},
		"node_modules/ws": {
			"version": "8.13.0",
			"resolved": "https://registry.npmjs.org/ws/-/ws-8.13.0.tgz",
			"integrity": "sha512-x9vcZYTrFPC7aSIbj7sRCYo7L/Xb8Iy+pW0ng0wt2vCJv7M9HOMy0UoN3rr+IFC7hb7vXoqS+P9ktyLLLhO+LA==",
			"engines": {
				"node": ">=10.0.0"
			},
			"peerDependencies": {
				"bufferutil": "^4.0.1",
				"utf-8-validate": ">=5.0.2"
			},
			"peerDependenciesMeta": {
				"bufferutil": {
					"optional": true
				},
				"utf-8-validate": {
					"optional": true
				}
			}
		}
	}
}
